
Microsoft Visual Studio Solution File, Format Version 12.00
# Visual Studio 2012
Project("{FAE04EC0-301F-11D3-BF4B-00C04F79EFBC}") = "Producer", "MSMQ\Producer.csproj", "{3928FABC-F89A-4E38-A50F-0A756D1BB2D3}"
EndProject
Project("{FAE04EC0-301F-11D3-BF4B-00C04F79EFBC}") = "Consumer", "Consumer\Consumer.csproj", "{39A6C874-9C98-4C5F-B111-8800A994ECB3}"
EndProject
Project("{FAE04EC0-301F-11D3-BF4B-00C04F79EFBC}") = "Common", "Common\Common.csproj", "{2CECDCA1-6AF2-4486-A0DD-84D901B4EB64}"
EndProject
Global
	GlobalSection(SolutionConfigurationPlatforms) = preSolution
		Debug|Any CPU = Debug|Any CPU
		Release|Any CPU = Release|Any CPU
	EndGlobalSection
	GlobalSection(ProjectConfigurationPlatforms) = postSolution
		{3928FABC-F89A-4E38-A50F-0A756D1BB2D3}.Debug|Any CPU.ActiveCfg = Debug|Any CPU
		{3928FABC-F89A-4E38-A50F-0A756D1BB2D3}.Debug|Any CPU.Build.0 = Debug|Any CPU
		{3928FABC-F89A-4E38-A50F-0A756D1BB2D3}.Release|Any CPU.ActiveCfg = Release|Any CPU
		{3928FABC-F89A-4E38-A50F-0A756D1BB2D3}.Release|Any CPU.Build.0 = Release|Any CPU
		{39A6C874-9C98-4C5F-B111-8800A994ECB3}.Debug|Any CPU.ActiveCfg = Debug|Any CPU
		{39A6C874-9C98-4C5F-B111-8800A994ECB3}.Debug|Any CPU.Build.0 = Debug|Any CPU
		{39A6C874-9C98-4C5F-B111-8800A994ECB3}.Release|Any CPU.ActiveCfg = Release|Any CPU
		{39A6C874-9C98-4C5F-B111-8800A994ECB3}.Release|Any CPU.Build.0 = Release|Any CPU
		{2CECDCA1-6AF2-4486-A0DD-84D901B4EB64}.Debug|Any CPU.ActiveCfg = Debug|Any CPU
		{2CECDCA1-6AF2-4486-A0DD-84D901B4EB64}.Debug|Any CPU.Build.0 = Debug|Any CPU
		{2CECDCA1-6AF2-4486-A0DD-84D901B4EB64}.Release|Any CPU.ActiveCfg = Release|Any CPU
		{2CECDCA1-6AF2-4486-A0DD-84D901B4EB64}.Release|Any CPU.Build.0 = Release|Any CPU
	EndGlobalSection
	GlobalSection(SolutionProperties) = preSolution
		HideSolutionNode = FALSE
	EndGlobalSection
EndGlobal
