
Microsoft Visual Studio Solution File, Format Version 12.00
# Visual Studio 2012
Project("{FAE04EC0-301F-11D3-BF4B-00C04F79EFBC}") = "Producer", "AzureQueues\Producer.csproj", "{B59B032A-A42D-42FF-88FC-2B6349B9D42B}"
EndProject
Project("{FAE04EC0-301F-11D3-BF4B-00C04F79EFBC}") = "Consumer", "Consumer\Consumer.csproj", "{D4C28EC6-0EBC-4D73-A886-5153158FC9DA}"
EndProject
Global
	GlobalSection(SolutionConfigurationPlatforms) = preSolution
		Debug|Any CPU = Debug|Any CPU
		Release|Any CPU = Release|Any CPU
	EndGlobalSection
	GlobalSection(ProjectConfigurationPlatforms) = postSolution
		{B59B032A-A42D-42FF-88FC-2B6349B9D42B}.Debug|Any CPU.ActiveCfg = Debug|Any CPU
		{B59B032A-A42D-42FF-88FC-2B6349B9D42B}.Debug|Any CPU.Build.0 = Debug|Any CPU
		{B59B032A-A42D-42FF-88FC-2B6349B9D42B}.Release|Any CPU.ActiveCfg = Release|Any CPU
		{B59B032A-A42D-42FF-88FC-2B6349B9D42B}.Release|Any CPU.Build.0 = Release|Any CPU
		{D4C28EC6-0EBC-4D73-A886-5153158FC9DA}.Debug|Any CPU.ActiveCfg = Debug|Any CPU
		{D4C28EC6-0EBC-4D73-A886-5153158FC9DA}.Debug|Any CPU.Build.0 = Debug|Any CPU
		{D4C28EC6-0EBC-4D73-A886-5153158FC9DA}.Release|Any CPU.ActiveCfg = Release|Any CPU
		{D4C28EC6-0EBC-4D73-A886-5153158FC9DA}.Release|Any CPU.Build.0 = Release|Any CPU
	EndGlobalSection
	GlobalSection(SolutionProperties) = preSolution
		HideSolutionNode = FALSE
	EndGlobalSection
EndGlobal
